
Microsoft Visual Studio Solution File, Format Version 12.00
# Visual Studio Version 16
VisualStudioVersion = 16.0.33328.57
MinimumVisualStudioVersion = 10.0.40219.1
Project("{FAE04EC0-301F-11D3-BF4B-00C04F79EFBC}") = "AsesoriasPascualBravo", "AsesoriasPascualBravo.csproj", "{0D74FD76-A1B6-4CE5-972A-9B26F1CFFA72}"
EndProject
Global
	GlobalSection(SolutionConfigurationPlatforms) = preSolution
		Debug|Any CPU = Debug|Any CPU
		Release|Any CPU = Release|Any CPU
	EndGlobalSection
	GlobalSection(ProjectConfigurationPlatforms) = postSolution
		{0D74FD76-A1B6-4CE5-972A-9B26F1CFFA72}.Debug|Any CPU.ActiveCfg = Debug|Any CPU
		{0D74FD76-A1B6-4CE5-972A-9B26F1CFFA72}.Debug|Any CPU.Build.0 = Debug|Any CPU
		{0D74FD76-A1B6-4CE5-972A-9B26F1CFFA72}.Release|Any CPU.ActiveCfg = Release|Any CPU
		{0D74FD76-A1B6-4CE5-972A-9B26F1CFFA72}.Release|Any CPU.Build.0 = Release|Any CPU
	EndGlobalSection
	GlobalSection(SolutionProperties) = preSolution
		HideSolutionNode = FALSE
	EndGlobalSection
	GlobalSection(ExtensibilityGlobals) = postSolution
		SolutionGuid = {40BE4D53-6E89-41B0-A59C-0459AA3215F9}
	EndGlobalSection
EndGlobal
